
Microsoft Visual Studio Solution File, Format Version 12.00
# Visual Studio Version 17
VisualStudioVersion = 17.13.35806.99
MinimumVisualStudioVersion = 10.0.40219.1
Project("{FAE04EC0-301F-11D3-BF4B-00C04F79EFBC}") = "PropertyManagement.Api", "PropertyManagement\PropertyManagement.Api.csproj", "{EFA4C508-0798-4D92-B30A-5C31F0CA88F4}"
EndProject
Project("{FAE04EC0-301F-11D3-BF4B-00C04F79EFBC}") = "PropertyManagement.Application", "PropertyManagement.Application\PropertyManagement.Application.csproj", "{3C367548-96FF-4AA1-9D20-96AF10AA5304}"
EndProject
Project("{FAE04EC0-301F-11D3-BF4B-00C04F79EFBC}") = "PropertyManagement.Domain", "PropertyManagement.Domain\PropertyManagement.Domain.csproj", "{611EC90A-4178-4E87-B068-4A15F12ECA06}"
EndProject
Project("{FAE04EC0-301F-11D3-BF4B-00C04F79EFBC}") = "PropertyManagement.Infrastructure", "PropertyManagement.Infrastructure\PropertyManagement.Infrastructure.csproj", "{3B069639-CCD4-47C5-9753-5F86D0DC54A9}"
EndProject
Project("{FAE04EC0-301F-11D3-BF4B-00C04F79EFBC}") = "PropertyManagement.Tests", "PropertyManagement.Tests\PropertyManagement.Tests.csproj", "{BB4B27F4-BBEF-4994-B5BC-60295D14DAF0}"
EndProject
Global
	GlobalSection(SolutionConfigurationPlatforms) = preSolution
		Debug|Any CPU = Debug|Any CPU
		Release|Any CPU = Release|Any CPU
	EndGlobalSection
	GlobalSection(ProjectConfigurationPlatforms) = postSolution
		{EFA4C508-0798-4D92-B30A-5C31F0CA88F4}.Debug|Any CPU.ActiveCfg = Debug|Any CPU
		{EFA4C508-0798-4D92-B30A-5C31F0CA88F4}.Debug|Any CPU.Build.0 = Debug|Any CPU
		{EFA4C508-0798-4D92-B30A-5C31F0CA88F4}.Release|Any CPU.ActiveCfg = Release|Any CPU
		{EFA4C508-0798-4D92-B30A-5C31F0CA88F4}.Release|Any CPU.Build.0 = Release|Any CPU
		{3C367548-96FF-4AA1-9D20-96AF10AA5304}.Debug|Any CPU.ActiveCfg = Debug|Any CPU
		{3C367548-96FF-4AA1-9D20-96AF10AA5304}.Debug|Any CPU.Build.0 = Debug|Any CPU
		{3C367548-96FF-4AA1-9D20-96AF10AA5304}.Release|Any CPU.ActiveCfg = Release|Any CPU
		{3C367548-96FF-4AA1-9D20-96AF10AA5304}.Release|Any CPU.Build.0 = Release|Any CPU
		{611EC90A-4178-4E87-B068-4A15F12ECA06}.Debug|Any CPU.ActiveCfg = Debug|Any CPU
		{611EC90A-4178-4E87-B068-4A15F12ECA06}.Debug|Any CPU.Build.0 = Debug|Any CPU
		{611EC90A-4178-4E87-B068-4A15F12ECA06}.Release|Any CPU.ActiveCfg = Release|Any CPU
		{611EC90A-4178-4E87-B068-4A15F12ECA06}.Release|Any CPU.Build.0 = Release|Any CPU
		{3B069639-CCD4-47C5-9753-5F86D0DC54A9}.Debug|Any CPU.ActiveCfg = Debug|Any CPU
		{3B069639-CCD4-47C5-9753-5F86D0DC54A9}.Debug|Any CPU.Build.0 = Debug|Any CPU
		{3B069639-CCD4-47C5-9753-5F86D0DC54A9}.Release|Any CPU.ActiveCfg = Release|Any CPU
		{3B069639-CCD4-47C5-9753-5F86D0DC54A9}.Release|Any CPU.Build.0 = Release|Any CPU
		{BB4B27F4-BBEF-4994-B5BC-60295D14DAF0}.Debug|Any CPU.ActiveCfg = Debug|Any CPU
		{BB4B27F4-BBEF-4994-B5BC-60295D14DAF0}.Debug|Any CPU.Build.0 = Debug|Any CPU
		{BB4B27F4-BBEF-4994-B5BC-60295D14DAF0}.Release|Any CPU.ActiveCfg = Release|Any CPU
		{BB4B27F4-BBEF-4994-B5BC-60295D14DAF0}.Release|Any CPU.Build.0 = Release|Any CPU
	EndGlobalSection
	GlobalSection(SolutionProperties) = preSolution
		HideSolutionNode = FALSE
	EndGlobalSection
	GlobalSection(ExtensibilityGlobals) = postSolution
		SolutionGuid = {973D2FEC-19BB-4EC7-8E36-2266417AC5B4}
	EndGlobalSection
EndGlobal
